
Microsoft Visual Studio Solution File, Format Version 12.00
# Visual Studio Version 17
VisualStudioVersion = 17.13.35818.85 d17.13
MinimumVisualStudioVersion = 10.0.40219.1
Project("{FAE04EC0-301F-11D3-BF4B-00C04F79EFBC}") = "ViewStart", "ViewStart\ViewStart.csproj", "{D9FF1F16-4BEF-4417-835E-0C9BD738BCAD}"
EndProject
Global
	GlobalSection(SolutionConfigurationPlatforms) = preSolution
		Debug|Any CPU = Debug|Any CPU
		Release|Any CPU = Release|Any CPU
	EndGlobalSection
	GlobalSection(ProjectConfigurationPlatforms) = postSolution
		{D9FF1F16-4BEF-4417-835E-0C9BD738BCAD}.Debug|Any CPU.ActiveCfg = Debug|Any CPU
		{D9FF1F16-4BEF-4417-835E-0C9BD738BCAD}.Debug|Any CPU.Build.0 = Debug|Any CPU
		{D9FF1F16-4BEF-4417-835E-0C9BD738BCAD}.Release|Any CPU.ActiveCfg = Release|Any CPU
		{D9FF1F16-4BEF-4417-835E-0C9BD738BCAD}.Release|Any CPU.Build.0 = Release|Any CPU
	EndGlobalSection
	GlobalSection(SolutionProperties) = preSolution
		HideSolutionNode = FALSE
	EndGlobalSection
	GlobalSection(ExtensibilityGlobals) = postSolution
		SolutionGuid = {E1981BEE-959A-4209-8126-C9F5EF3F9A2B}
	EndGlobalSection
EndGlobal
